
PODS: 
- JSONKit (1.4)
- Kiwi (1.1.1)
- ReactiveCocoa (0.5.0)

COCOAPODS: 0.15.2

DEPENDENCIES: 
- JSONKit
- Kiwi
- ReactiveCocoa

SPEC CHECKSUMS: 
  JSONKit: 92ae5f71b77c8dec0cd8d0744adab79d38560949
  Kiwi: 06407ae4d33a33310aed1202113d002eda1d56eb
  ReactiveCocoa: 91db490e45e4b2f42405886dd327270bb2d49f02
