// !$*UTF8*$!
{
	archiveVersion = 1;
	classes = {
	};
	objectVersion = 46;
	objects = {

/* Begin PBXBuildFile section */
		16558BB8158232CF00FFB2E2 /* LTContext.m in Sources */ = {isa = PBXBuildFile; fileRef = 16558BB7158232CF00FFB2E2 /* LTContext.m */; };
		165A27E7157D685900942BFD /* NSString+LTAdditions.m in Sources */ = {isa = PBXBuildFile; fileRef = 165A27E6157D685900942BFD /* NSString+LTAdditions.m */; };
		165A27EA157D6B2900942BFD /* LTView.m in Sources */ = {isa = PBXBuildFile; fileRef = 165A27E9157D6B2900942BFD /* LTView.m */; };
		165B423F1581FDD600395A6F /* LTWatchFileServer.m in Sources */ = {isa = PBXBuildFile; fileRef = 165B423E1581FDD600395A6F /* LTWatchFileServer.m */; };
		165B42531581FFC700395A6F /* blackseparator.png in Resources */ = {isa = PBXBuildFile; fileRef = 165B42471581FFC700395A6F /* blackseparator.png */; };
		165B42541581FFC700395A6F /* blackseparator@2x.png in Resources */ = {isa = PBXBuildFile; fileRef = 165B42481581FFC700395A6F /* blackseparator@2x.png */; };
		165B42551581FFC700395A6F /* DemoCell.latte in Resources */ = {isa = PBXBuildFile; fileRef = 165B42491581FFC700395A6F /* DemoCell.latte */; };
		165B42561581FFC700395A6F /* DemoObject.m in Sources */ = {isa = PBXBuildFile; fileRef = 165B424B1581FFC700395A6F /* DemoObject.m */; };
		165B42571581FFC700395A6F /* DemoTableViewController.m in Sources */ = {isa = PBXBuildFile; fileRef = 165B424D1581FFC700395A6F /* DemoTableViewController.m */; };
		165B42581581FFC700395A6F /* leather.png in Resources */ = {isa = PBXBuildFile; fileRef = 165B424E1581FFC700395A6F /* leather.png */; };
		165B42591581FFC700395A6F /* leather@2x.png in Resources */ = {isa = PBXBuildFile; fileRef = 165B424F1581FFC700395A6F /* leather@2x.png */; };
		165B425C158202C000395A6F /* CFNetwork.framework in Frameworks */ = {isa = PBXBuildFile; fileRef = 165B425B158202C000395A6F /* CFNetwork.framework */; };
		16641BB6158427A600112559 /* DemoVC.m in Sources */ = {isa = PBXBuildFile; fileRef = 16641BB5158427A600112559 /* DemoVC.m */; };
		16641BB9158427EF00112559 /* Demo.latte in Resources */ = {isa = PBXBuildFile; fileRef = 16641BB8158427EF00112559 /* Demo.latte */; };
		169409E215B052BA003B7C98 /* AsyncSocket.m in Sources */ = {isa = PBXBuildFile; fileRef = 169409E115B052BA003B7C98 /* AsyncSocket.m */; };
		16AAF6AF15B16B7900B6402D /* LTLocale.m in Sources */ = {isa = PBXBuildFile; fileRef = 16AAF6AE15B16B7800B6402D /* LTLocale.m */; };
		16AAF6B615B16F3C00B6402D /* LTParser+ViewInit.m in Sources */ = {isa = PBXBuildFile; fileRef = 16AAF6B515B16F3C00B6402D /* LTParser+ViewInit.m */; };
		16AAF6BB15B181C500B6402D /* logo.png in Resources */ = {isa = PBXBuildFile; fileRef = 16AAF6B915B181C500B6402D /* logo.png */; };
		16AAF6BC15B181C500B6402D /* logo@2x.png in Resources */ = {isa = PBXBuildFile; fileRef = 16AAF6BA15B181C500B6402D /* logo@2x.png */; };
		16C6051115653C30005C03C7 /* UIKit.framework in Frameworks */ = {isa = PBXBuildFile; fileRef = 16C6051015653C30005C03C7 /* UIKit.framework */; };
		16C6051315653C30005C03C7 /* Foundation.framework in Frameworks */ = {isa = PBXBuildFile; fileRef = 16C6051215653C30005C03C7 /* Foundation.framework */; };
		16C6051515653C30005C03C7 /* CoreGraphics.framework in Frameworks */ = {isa = PBXBuildFile; fileRef = 16C6051415653C30005C03C7 /* CoreGraphics.framework */; };
		16C6051B15653C30005C03C7 /* InfoPlist.strings in Resources */ = {isa = PBXBuildFile; fileRef = 16C6051915653C30005C03C7 /* InfoPlist.strings */; };
		16C6051D15653C30005C03C7 /* main.m in Sources */ = {isa = PBXBuildFile; fileRef = 16C6051C15653C30005C03C7 /* main.m */; };
		16C6052115653C30005C03C7 /* LTAppDelegate.m in Sources */ = {isa = PBXBuildFile; fileRef = 16C6052015653C30005C03C7 /* LTAppDelegate.m */; };
		16D6CC1B157E9EAA005C0554 /* UIView+LTAdditions.m in Sources */ = {isa = PBXBuildFile; fileRef = 16D6CC1A157E9EAA005C0554 /* UIView+LTAdditions.m */; };
		16E703901565687200EDB943 /* LTParser.m in Sources */ = {isa = PBXBuildFile; fileRef = 16E7038F1565687200EDB943 /* LTParser.m */; };
		16E70394156568DB00EDB943 /* LTNode.m in Sources */ = {isa = PBXBuildFile; fileRef = 16E70393156568DB00EDB943 /* LTNode.m */; };
		6E98FECE668E4E6E811CFD11 /* libPods.a in Frameworks */ = {isa = PBXBuildFile; fileRef = F125DF37266C473F82E94C08 /* libPods.a */; };
/* End PBXBuildFile section */

/* Begin PBXFileReference section */
		16558BB6158232CF00FFB2E2 /* LTContext.h */ = {isa = PBXFileReference; fileEncoding = 4; lastKnownFileType = sourcecode.c.h; path = LTContext.h; sourceTree = "<group>"; };
		16558BB7158232CF00FFB2E2 /* LTContext.m */ = {isa = PBXFileReference; fileEncoding = 4; lastKnownFileType = sourcecode.c.objc; path = LTContext.m; sourceTree = "<group>"; };
		165A27E5157D685900942BFD /* NSString+LTAdditions.h */ = {isa = PBXFileReference; fileEncoding = 4; lastKnownFileType = sourcecode.c.h; path = "NSString+LTAdditions.h"; sourceTree = "<group>"; };
		165A27E6157D685900942BFD /* NSString+LTAdditions.m */ = {isa = PBXFileReference; fileEncoding = 4; lastKnownFileType = sourcecode.c.objc; path = "NSString+LTAdditions.m"; sourceTree = "<group>"; };
		165A27E8157D6B2900942BFD /* LTView.h */ = {isa = PBXFileReference; fileEncoding = 4; lastKnownFileType = sourcecode.c.h; path = LTView.h; sourceTree = "<group>"; };
		165A27E9157D6B2900942BFD /* LTView.m */ = {isa = PBXFileReference; fileEncoding = 4; lastKnownFileType = sourcecode.c.objc; path = LTView.m; sourceTree = "<group>"; };
		165B423D1581FDD600395A6F /* LTWatchFileServer.h */ = {isa = PBXFileReference; fileEncoding = 4; lastKnownFileType = sourcecode.c.h; path = LTWatchFileServer.h; sourceTree = "<group>"; };
		165B423E1581FDD600395A6F /* LTWatchFileServer.m */ = {isa = PBXFileReference; fileEncoding = 4; lastKnownFileType = sourcecode.c.objc; path = LTWatchFileServer.m; sourceTree = "<group>"; };
		165B42471581FFC700395A6F /* blackseparator.png */ = {isa = PBXFileReference; lastKnownFileType = image.png; path = blackseparator.png; sourceTree = "<group>"; };
		165B42481581FFC700395A6F /* blackseparator@2x.png */ = {isa = PBXFileReference; lastKnownFileType = image.png; path = "blackseparator@2x.png"; sourceTree = "<group>"; };
		165B42491581FFC700395A6F /* DemoCell.latte */ = {isa = PBXFileReference; fileEncoding = 4; lastKnownFileType = text; path = DemoCell.latte; sourceTree = "<group>"; };
		165B424A1581FFC700395A6F /* DemoObject.h */ = {isa = PBXFileReference; fileEncoding = 4; lastKnownFileType = sourcecode.c.h; path = DemoObject.h; sourceTree = "<group>"; };
		165B424B1581FFC700395A6F /* DemoObject.m */ = {isa = PBXFileReference; fileEncoding = 4; lastKnownFileType = sourcecode.c.objc; path = DemoObject.m; sourceTree = "<group>"; };
		165B424C1581FFC700395A6F /* DemoTableViewController.h */ = {isa = PBXFileReference; fileEncoding = 4; lastKnownFileType = sourcecode.c.h; path = DemoTableViewController.h; sourceTree = "<group>"; };
		165B424D1581FFC700395A6F /* DemoTableViewController.m */ = {isa = PBXFileReference; fileEncoding = 4; lastKnownFileType = sourcecode.c.objc; path = DemoTableViewController.m; sourceTree = "<group>"; };
		165B424E1581FFC700395A6F /* leather.png */ = {isa = PBXFileReference; lastKnownFileType = image.png; path = leather.png; sourceTree = "<group>"; };
		165B424F1581FFC700395A6F /* leather@2x.png */ = {isa = PBXFileReference; lastKnownFileType = image.png; path = "leather@2x.png"; sourceTree = "<group>"; };
		165B425B158202C000395A6F /* CFNetwork.framework */ = {isa = PBXFileReference; lastKnownFileType = wrapper.framework; name = CFNetwork.framework; path = System/Library/Frameworks/CFNetwork.framework; sourceTree = SDKROOT; };
		16641BB4158427A600112559 /* DemoVC.h */ = {isa = PBXFileReference; fileEncoding = 4; lastKnownFileType = sourcecode.c.h; path = DemoVC.h; sourceTree = "<group>"; };
		16641BB5158427A600112559 /* DemoVC.m */ = {isa = PBXFileReference; fileEncoding = 4; lastKnownFileType = sourcecode.c.objc; path = DemoVC.m; sourceTree = "<group>"; };
		16641BB8158427EF00112559 /* Demo.latte */ = {isa = PBXFileReference; fileEncoding = 4; lastKnownFileType = text; path = Demo.latte; sourceTree = "<group>"; };
		169409E015B052BA003B7C98 /* AsyncSocket.h */ = {isa = PBXFileReference; fileEncoding = 4; lastKnownFileType = sourcecode.c.h; path = AsyncSocket.h; sourceTree = "<group>"; };
		169409E115B052BA003B7C98 /* AsyncSocket.m */ = {isa = PBXFileReference; fileEncoding = 4; lastKnownFileType = sourcecode.c.objc; path = AsyncSocket.m; sourceTree = "<group>"; };
		16AAF6AD15B16B7800B6402D /* LTLocale.h */ = {isa = PBXFileReference; fileEncoding = 4; lastKnownFileType = sourcecode.c.h; path = LTLocale.h; sourceTree = "<group>"; };
		16AAF6AE15B16B7800B6402D /* LTLocale.m */ = {isa = PBXFileReference; fileEncoding = 4; lastKnownFileType = sourcecode.c.objc; path = LTLocale.m; sourceTree = "<group>"; };
		16AAF6B415B16F3C00B6402D /* LTParser+ViewInit.h */ = {isa = PBXFileReference; fileEncoding = 4; lastKnownFileType = sourcecode.c.h; path = "LTParser+ViewInit.h"; sourceTree = "<group>"; };
		16AAF6B515B16F3C00B6402D /* LTParser+ViewInit.m */ = {isa = PBXFileReference; fileEncoding = 4; lastKnownFileType = sourcecode.c.objc; path = "LTParser+ViewInit.m"; sourceTree = "<group>"; };
		16AAF6B915B181C500B6402D /* logo.png */ = {isa = PBXFileReference; lastKnownFileType = image.png; path = logo.png; sourceTree = "<group>"; };
		16AAF6BA15B181C500B6402D /* logo@2x.png */ = {isa = PBXFileReference; lastKnownFileType = image.png; path = "logo@2x.png"; sourceTree = "<group>"; };
		16C6050C15653C30005C03C7 /* Latte.app */ = {isa = PBXFileReference; explicitFileType = wrapper.application; includeInIndex = 0; path = Latte.app; sourceTree = BUILT_PRODUCTS_DIR; };
		16C6051015653C30005C03C7 /* UIKit.framework */ = {isa = PBXFileReference; lastKnownFileType = wrapper.framework; name = UIKit.framework; path = System/Library/Frameworks/UIKit.framework; sourceTree = SDKROOT; };
		16C6051215653C30005C03C7 /* Foundation.framework */ = {isa = PBXFileReference; lastKnownFileType = wrapper.framework; name = Foundation.framework; path = System/Library/Frameworks/Foundation.framework; sourceTree = SDKROOT; };
		16C6051415653C30005C03C7 /* CoreGraphics.framework */ = {isa = PBXFileReference; lastKnownFileType = wrapper.framework; name = CoreGraphics.framework; path = System/Library/Frameworks/CoreGraphics.framework; sourceTree = SDKROOT; };
		16C6051815653C30005C03C7 /* Latte-Info.plist */ = {isa = PBXFileReference; lastKnownFileType = text.plist.xml; path = "Latte-Info.plist"; sourceTree = "<group>"; };
		16C6051A15653C30005C03C7 /* en */ = {isa = PBXFileReference; lastKnownFileType = text.plist.strings; name = en; path = en.lproj/InfoPlist.strings; sourceTree = "<group>"; };
		16C6051C15653C30005C03C7 /* main.m */ = {isa = PBXFileReference; lastKnownFileType = sourcecode.c.objc; path = main.m; sourceTree = "<group>"; };
		16C6051E15653C30005C03C7 /* Latte-Prefix.pch */ = {isa = PBXFileReference; lastKnownFileType = sourcecode.c.h; path = "Latte-Prefix.pch"; sourceTree = "<group>"; };
		16C6051F15653C30005C03C7 /* LTAppDelegate.h */ = {isa = PBXFileReference; lastKnownFileType = sourcecode.c.h; path = LTAppDelegate.h; sourceTree = "<group>"; };
		16C6052015653C30005C03C7 /* LTAppDelegate.m */ = {isa = PBXFileReference; lastKnownFileType = sourcecode.c.objc; path = LTAppDelegate.m; sourceTree = "<group>"; };
		16D6CC19157E9EAA005C0554 /* UIView+LTAdditions.h */ = {isa = PBXFileReference; fileEncoding = 4; lastKnownFileType = sourcecode.c.h; path = "UIView+LTAdditions.h"; sourceTree = "<group>"; };
		16D6CC1A157E9EAA005C0554 /* UIView+LTAdditions.m */ = {isa = PBXFileReference; fileEncoding = 4; lastKnownFileType = sourcecode.c.objc; path = "UIView+LTAdditions.m"; sourceTree = "<group>"; };
		16E7038E1565687200EDB943 /* LTParser.h */ = {isa = PBXFileReference; fileEncoding = 4; lastKnownFileType = sourcecode.c.h; path = LTParser.h; sourceTree = "<group>"; };
		16E7038F1565687200EDB943 /* LTParser.m */ = {isa = PBXFileReference; fileEncoding = 4; lastKnownFileType = sourcecode.c.objc; lineEnding = 0; path = LTParser.m; sourceTree = "<group>"; xcLanguageSpecificationIdentifier = xcode.lang.objc; };
		16E70392156568DB00EDB943 /* LTNode.h */ = {isa = PBXFileReference; fileEncoding = 4; lastKnownFileType = sourcecode.c.h; path = LTNode.h; sourceTree = "<group>"; };
		16E70393156568DB00EDB943 /* LTNode.m */ = {isa = PBXFileReference; fileEncoding = 4; lastKnownFileType = sourcecode.c.objc; path = LTNode.m; sourceTree = "<group>"; };
		16E703951565748000EDB943 /* LTPrefixes.h */ = {isa = PBXFileReference; lastKnownFileType = sourcecode.c.h; path = LTPrefixes.h; sourceTree = "<group>"; };
		905653C30CA04287B7C94846 /* Pods.xcconfig */ = {isa = PBXFileReference; lastKnownFileType = text.xcconfig; name = Pods.xcconfig; path = Pods/Pods.xcconfig; sourceTree = SOURCE_ROOT; };
		F125DF37266C473F82E94C08 /* libPods.a */ = {isa = PBXFileReference; explicitFileType = archive.ar; includeInIndex = 0; path = libPods.a; sourceTree = BUILT_PRODUCTS_DIR; };
/* End PBXFileReference section */

/* Begin PBXFrameworksBuildPhase section */
		16C6050915653C30005C03C7 /* Frameworks */ = {
			isa = PBXFrameworksBuildPhase;
			buildActionMask = 2147483647;
			files = (
				165B425C158202C000395A6F /* CFNetwork.framework in Frameworks */,
				16C6051115653C30005C03C7 /* UIKit.framework in Frameworks */,
				16C6051315653C30005C03C7 /* Foundation.framework in Frameworks */,
				16C6051515653C30005C03C7 /* CoreGraphics.framework in Frameworks */,
				6E98FECE668E4E6E811CFD11 /* libPods.a in Frameworks */,
			);
			runOnlyForDeploymentPostprocessing = 0;
		};
/* End PBXFrameworksBuildPhase section */

/* Begin PBXGroup section */
		16558BBC1582343900FFB2E2 /* Additions */ = {
			isa = PBXGroup;
			children = (
				165A27E5157D685900942BFD /* NSString+LTAdditions.h */,
				165A27E6157D685900942BFD /* NSString+LTAdditions.m */,
				16D6CC19157E9EAA005C0554 /* UIView+LTAdditions.h */,
				16D6CC1A157E9EAA005C0554 /* UIView+LTAdditions.m */,
			);
			name = Additions;
			sourceTree = "<group>";
		};
		165B42451581FFC700395A6F /* Other */ = {
			isa = PBXGroup;
			children = (
				165B42461581FFC700395A6F /* Demo */,
			);
			path = Other;
			sourceTree = "<group>";
		};
		165B42461581FFC700395A6F /* Demo */ = {
			isa = PBXGroup;
			children = (
				16AAF6B915B181C500B6402D /* logo.png */,
				16AAF6BA15B181C500B6402D /* logo@2x.png */,
				165B42471581FFC700395A6F /* blackseparator.png */,
				165B42481581FFC700395A6F /* blackseparator@2x.png */,
				165B42491581FFC700395A6F /* DemoCell.latte */,
				165B424A1581FFC700395A6F /* DemoObject.h */,
				165B424B1581FFC700395A6F /* DemoObject.m */,
				165B424C1581FFC700395A6F /* DemoTableViewController.h */,
				165B424D1581FFC700395A6F /* DemoTableViewController.m */,
				165B424E1581FFC700395A6F /* leather.png */,
				165B424F1581FFC700395A6F /* leather@2x.png */,
				16641BB4158427A600112559 /* DemoVC.h */,
				16641BB5158427A600112559 /* DemoVC.m */,
				16641BB8158427EF00112559 /* Demo.latte */,
			);
			path = Demo;
			sourceTree = "<group>";
		};
		169409DF15B052BA003B7C98 /* Libs (Non Pods) */ = {
			isa = PBXGroup;
			children = (
				169409E015B052BA003B7C98 /* AsyncSocket.h */,
				169409E115B052BA003B7C98 /* AsyncSocket.m */,
			);
			path = "Libs (Non Pods)";
			sourceTree = "<group>";
		};
		16C6050115653C2F005C03C7 = {
			isa = PBXGroup;
			children = (
				165B42451581FFC700395A6F /* Other */,
				16C6051615653C30005C03C7 /* Latte */,
				16C6050F15653C30005C03C7 /* Frameworks */,
				16C6050D15653C30005C03C7 /* Products */,
				905653C30CA04287B7C94846 /* Pods.xcconfig */,
			);
			sourceTree = "<group>";
		};
		16C6050D15653C30005C03C7 /* Products */ = {
			isa = PBXGroup;
			children = (
				16C6050C15653C30005C03C7 /* Latte.app */,
			);
			name = Products;
			sourceTree = "<group>";
		};
		16C6050F15653C30005C03C7 /* Frameworks */ = {
			isa = PBXGroup;
			children = (
				169409DF15B052BA003B7C98 /* Libs (Non Pods) */,
				165B425B158202C000395A6F /* CFNetwork.framework */,
				16C6051015653C30005C03C7 /* UIKit.framework */,
				16C6051215653C30005C03C7 /* Foundation.framework */,
				16C6051415653C30005C03C7 /* CoreGraphics.framework */,
				F125DF37266C473F82E94C08 /* libPods.a */,
			);
			name = Frameworks;
			sourceTree = "<group>";
		};
		16C6051615653C30005C03C7 /* Latte */ = {
			isa = PBXGroup;
			children = (
				16558BBC1582343900FFB2E2 /* Additions */,
				16C6051715653C30005C03C7 /* Supporting Files */,
				16E7038E1565687200EDB943 /* LTParser.h */,
				16E7038F1565687200EDB943 /* LTParser.m */,
				16E70392156568DB00EDB943 /* LTNode.h */,
				16E70393156568DB00EDB943 /* LTNode.m */,
				16E703951565748000EDB943 /* LTPrefixes.h */,
				165A27E8157D6B2900942BFD /* LTView.h */,
				165A27E9157D6B2900942BFD /* LTView.m */,
				165B423D1581FDD600395A6F /* LTWatchFileServer.h */,
				165B423E1581FDD600395A6F /* LTWatchFileServer.m */,
				16558BB6158232CF00FFB2E2 /* LTContext.h */,
				16558BB7158232CF00FFB2E2 /* LTContext.m */,
				16AAF6AD15B16B7800B6402D /* LTLocale.h */,
				16AAF6AE15B16B7800B6402D /* LTLocale.m */,
				16AAF6B415B16F3C00B6402D /* LTParser+ViewInit.h */,
				16AAF6B515B16F3C00B6402D /* LTParser+ViewInit.m */,
			);
			path = Latte;
			sourceTree = "<group>";
		};
		16C6051715653C30005C03C7 /* Supporting Files */ = {
			isa = PBXGroup;
			children = (
				16C6051F15653C30005C03C7 /* LTAppDelegate.h */,
				16C6052015653C30005C03C7 /* LTAppDelegate.m */,
				16C6051815653C30005C03C7 /* Latte-Info.plist */,
				16C6051915653C30005C03C7 /* InfoPlist.strings */,
				16C6051C15653C30005C03C7 /* main.m */,
				16C6051E15653C30005C03C7 /* Latte-Prefix.pch */,
			);
			name = "Supporting Files";
			sourceTree = "<group>";
		};
/* End PBXGroup section */

/* Begin PBXNativeTarget section */
		16C6050B15653C30005C03C7 /* Latte */ = {
			isa = PBXNativeTarget;
			buildConfigurationList = 16C6052415653C30005C03C7 /* Build configuration list for PBXNativeTarget "Latte" */;
			buildPhases = (
				16C6050815653C30005C03C7 /* Sources */,
				16C6050915653C30005C03C7 /* Frameworks */,
				16C6050A15653C30005C03C7 /* Resources */,
				97AD29B9FE0A4F72968F7E73 /* Copy Pods Resources */,
			);
			buildRules = (
			);
			dependencies = (
			);
			name = Latte;
			productName = Latte;
			productReference = 16C6050C15653C30005C03C7 /* Latte.app */;
			productType = "com.apple.product-type.application";
		};
/* End PBXNativeTarget section */

/* Begin PBXProject section */
		16C6050315653C2F005C03C7 /* Project object */ = {
			isa = PBXProject;
			attributes = {
				CLASSPREFIX = LT;
				LastUpgradeCheck = 0430;
			};
			buildConfigurationList = 16C6050615653C2F005C03C7 /* Build configuration list for PBXProject "Latte" */;
			compatibilityVersion = "Xcode 3.2";
			developmentRegion = English;
			hasScannedForEncodings = 0;
			knownRegions = (
				en,
			);
			mainGroup = 16C6050115653C2F005C03C7;
			productRefGroup = 16C6050D15653C30005C03C7 /* Products */;
			projectDirPath = "";
			projectRoot = "";
			targets = (
				16C6050B15653C30005C03C7 /* Latte */,
			);
		};
/* End PBXProject section */

/* Begin PBXResourcesBuildPhase section */
		16C6050A15653C30005C03C7 /* Resources */ = {
			isa = PBXResourcesBuildPhase;
			buildActionMask = 2147483647;
			files = (
				16C6051B15653C30005C03C7 /* InfoPlist.strings in Resources */,
				165B42531581FFC700395A6F /* blackseparator.png in Resources */,
				165B42541581FFC700395A6F /* blackseparator@2x.png in Resources */,
				165B42551581FFC700395A6F /* DemoCell.latte in Resources */,
				165B42581581FFC700395A6F /* leather.png in Resources */,
				165B42591581FFC700395A6F /* leather@2x.png in Resources */,
				16641BB9158427EF00112559 /* Demo.latte in Resources */,
				16AAF6BB15B181C500B6402D /* logo.png in Resources */,
				16AAF6BC15B181C500B6402D /* logo@2x.png in Resources */,
			);
			runOnlyForDeploymentPostprocessing = 0;
		};
/* End PBXResourcesBuildPhase section */

/* Begin PBXShellScriptBuildPhase section */
		97AD29B9FE0A4F72968F7E73 /* Copy Pods Resources */ = {
			isa = PBXShellScriptBuildPhase;
			buildActionMask = 2147483647;
			files = (
			);
			inputPaths = (
			);
			name = "Copy Pods Resources";
			outputPaths = (
			);
			runOnlyForDeploymentPostprocessing = 0;
			shellPath = /bin/sh;
			shellScript = "\"${SRCROOT}/Pods/Pods-resources.sh\"\n";
		};
/* End PBXShellScriptBuildPhase section */

/* Begin PBXSourcesBuildPhase section */
		16C6050815653C30005C03C7 /* Sources */ = {
			isa = PBXSourcesBuildPhase;
			buildActionMask = 2147483647;
			files = (
				16C6051D15653C30005C03C7 /* main.m in Sources */,
				16C6052115653C30005C03C7 /* LTAppDelegate.m in Sources */,
				16E703901565687200EDB943 /* LTParser.m in Sources */,
				16E70394156568DB00EDB943 /* LTNode.m in Sources */,
				165A27E7157D685900942BFD /* NSString+LTAdditions.m in Sources */,
				165A27EA157D6B2900942BFD /* LTView.m in Sources */,
				16D6CC1B157E9EAA005C0554 /* UIView+LTAdditions.m in Sources */,
				165B423F1581FDD600395A6F /* LTWatchFileServer.m in Sources */,
				165B42561581FFC700395A6F /* DemoObject.m in Sources */,
				165B42571581FFC700395A6F /* DemoTableViewController.m in Sources */,
				16558BB8158232CF00FFB2E2 /* LTContext.m in Sources */,
				16641BB6158427A600112559 /* DemoVC.m in Sources */,
				169409E215B052BA003B7C98 /* AsyncSocket.m in Sources */,
				16AAF6AF15B16B7900B6402D /* LTLocale.m in Sources */,
				16AAF6B615B16F3C00B6402D /* LTParser+ViewInit.m in Sources */,
			);
			runOnlyForDeploymentPostprocessing = 0;
		};
/* End PBXSourcesBuildPhase section */

/* Begin PBXVariantGroup section */
		16C6051915653C30005C03C7 /* InfoPlist.strings */ = {
			isa = PBXVariantGroup;
			children = (
				16C6051A15653C30005C03C7 /* en */,
			);
			name = InfoPlist.strings;
			sourceTree = "<group>";
		};
/* End PBXVariantGroup section */

/* Begin XCBuildConfiguration section */
		16C6052215653C30005C03C7 /* Debug */ = {
			isa = XCBuildConfiguration;
			buildSettings = {
				ALWAYS_SEARCH_USER_PATHS = NO;
				ARCHS = "$(ARCHS_STANDARD_32_BIT)";
				CLANG_ENABLE_OBJC_ARC = YES;
				"CODE_SIGN_IDENTITY[sdk=iphoneos*]" = "iPhone Developer";
				COPY_PHASE_STRIP = NO;
				GCC_C_LANGUAGE_STANDARD = gnu99;
				GCC_DYNAMIC_NO_PIC = NO;
				GCC_OPTIMIZATION_LEVEL = 0;
				GCC_PREPROCESSOR_DEFINITIONS = (
					"DEBUG=1",
					"$(inherited)",
				);
				GCC_SYMBOLS_PRIVATE_EXTERN = NO;
				GCC_VERSION = com.apple.compilers.llvm.clang.1_0;
				GCC_WARN_ABOUT_RETURN_TYPE = YES;
				GCC_WARN_UNINITIALIZED_AUTOS = YES;
				GCC_WARN_UNUSED_VARIABLE = YES;
				IPHONEOS_DEPLOYMENT_TARGET = 5.1;
				SDKROOT = iphoneos;
				TARGETED_DEVICE_FAMILY = "1,2";
			};
			name = Debug;
		};
		16C6052315653C30005C03C7 /* Release */ = {
			isa = XCBuildConfiguration;
			buildSettings = {
				ALWAYS_SEARCH_USER_PATHS = NO;
				ARCHS = "$(ARCHS_STANDARD_32_BIT)";
				CLANG_ENABLE_OBJC_ARC = YES;
				"CODE_SIGN_IDENTITY[sdk=iphoneos*]" = "iPhone Developer";
				COPY_PHASE_STRIP = YES;
				GCC_C_LANGUAGE_STANDARD = gnu99;
				GCC_VERSION = com.apple.compilers.llvm.clang.1_0;
				GCC_WARN_ABOUT_RETURN_TYPE = YES;
				GCC_WARN_UNINITIALIZED_AUTOS = YES;
				GCC_WARN_UNUSED_VARIABLE = YES;
				IPHONEOS_DEPLOYMENT_TARGET = 5.1;
				OTHER_CFLAGS = "-DNS_BLOCK_ASSERTIONS=1";
				SDKROOT = iphoneos;
				TARGETED_DEVICE_FAMILY = "1,2";
				VALIDATE_PRODUCT = YES;
			};
			name = Release;
		};
		16C6052515653C30005C03C7 /* Debug */ = {
			isa = XCBuildConfiguration;
			baseConfigurationReference = 905653C30CA04287B7C94846 /* Pods.xcconfig */;
			buildSettings = {
				DSTROOT = /tmp/xcodeproj.dst;
				GCC_PRECOMPILE_PREFIX_HEADER = YES;
				GCC_PREFIX_HEADER = "Latte/Latte-Prefix.pch";
				GCC_VERSION = com.apple.compilers.llvm.clang.1_0;
				INFOPLIST_FILE = "Latte/Latte-Info.plist";
				PRODUCT_NAME = "$(TARGET_NAME)";
				SKIP_INSTALL = YES;
				WRAPPER_EXTENSION = app;
			};
			name = Debug;
		};
		16C6052615653C30005C03C7 /* Release */ = {
			isa = XCBuildConfiguration;
			baseConfigurationReference = 905653C30CA04287B7C94846 /* Pods.xcconfig */;
			buildSettings = {
				DSTROOT = /tmp/xcodeproj.dst;
				GCC_PRECOMPILE_PREFIX_HEADER = YES;
				GCC_PREFIX_HEADER = "Latte/Latte-Prefix.pch";
				GCC_VERSION = com.apple.compilers.llvm.clang.1_0;
				INFOPLIST_FILE = "Latte/Latte-Info.plist";
				PRODUCT_NAME = "$(TARGET_NAME)";
				SKIP_INSTALL = YES;
				WRAPPER_EXTENSION = app;
			};
			name = Release;
		};
/* End XCBuildConfiguration section */

/* Begin XCConfigurationList section */
		16C6050615653C2F005C03C7 /* Build configuration list for PBXProject "Latte" */ = {
			isa = XCConfigurationList;
			buildConfigurations = (
				16C6052215653C30005C03C7 /* Debug */,
				16C6052315653C30005C03C7 /* Release */,
			);
			defaultConfigurationIsVisible = 0;
			defaultConfigurationName = Release;
		};
		16C6052415653C30005C03C7 /* Build configuration list for PBXNativeTarget "Latte" */ = {
			isa = XCConfigurationList;
			buildConfigurations = (
				16C6052515653C30005C03C7 /* Debug */,
				16C6052615653C30005C03C7 /* Release */,
			);
			defaultConfigurationIsVisible = 0;
			defaultConfigurationName = Release;
		};
/* End XCConfigurationList section */
	};
	rootObject = 16C6050315653C2F005C03C7 /* Project object */;
}
